{
  "originHash" : "3a8956a7ad158e9e7738d8bccc9e0c2e2fed39e2eadf4ee8274f0e64f59695ed",
  "pins" : [
    {
      "identity" : "swift-argument-parser",
      "kind" : "remoteSourceControl",
      "location" : "https://github.com/mnmn13/swift-argument-parser.git",
      "state" : {
        "branch" : "main",
        "revision" : "336cae02f98997d786246e907ea28d0967bdbfbb"
      }
    }
  ],
  "version" : 3
}
